
Microsoft Visual Studio Solution File, Format Version 12.00
# Visual Studio 2012
Project("{8BC9CEB8-8B4A-11D0-8D11-00A0C91BC942}") = "NewKinectCoordinateMappingSimple", "NewKinectCoordinateMappingSimple\NewKinectCoordinateMappingSimple.vcxproj", "{2073B264-5EC8-436A-86E6-94F5E7B0B4A0}"
EndProject
Global
	GlobalSection(SolutionConfigurationPlatforms) = preSolution
		Debug|Win32 = Debug|Win32
		Debug|x64 = Debug|x64
		Release|Win32 = Release|Win32
		Release|x64 = Release|x64
	EndGlobalSection
	GlobalSection(ProjectConfigurationPlatforms) = postSolution
		{2073B264-5EC8-436A-86E6-94F5E7B0B4A0}.Debug|Win32.ActiveCfg = Debug|Win32
		{2073B264-5EC8-436A-86E6-94F5E7B0B4A0}.Debug|Win32.Build.0 = Debug|Win32
		{2073B264-5EC8-436A-86E6-94F5E7B0B4A0}.Debug|x64.ActiveCfg = Debug|x64
		{2073B264-5EC8-436A-86E6-94F5E7B0B4A0}.Debug|x64.Build.0 = Debug|x64
		{2073B264-5EC8-436A-86E6-94F5E7B0B4A0}.Release|Win32.ActiveCfg = Release|Win32
		{2073B264-5EC8-436A-86E6-94F5E7B0B4A0}.Release|Win32.Build.0 = Release|Win32
		{2073B264-5EC8-436A-86E6-94F5E7B0B4A0}.Release|x64.ActiveCfg = Release|x64
		{2073B264-5EC8-436A-86E6-94F5E7B0B4A0}.Release|x64.Build.0 = Release|x64
	EndGlobalSection
	GlobalSection(SolutionProperties) = preSolution
		HideSolutionNode = FALSE
	EndGlobalSection
EndGlobal
